
Microsoft Visual Studio Solution File, Format Version 12.00
# Visual Studio Version 17
VisualStudioVersion = 17.5.33414.496
MinimumVisualStudioVersion = 10.0.40219.1
Project("{9A19103F-16F7-4668-BE54-9A1E7A4F7556}") = "OrderDemo.Models", "OrderDemo.Models\OrderDemo.Models.csproj", "{C66F66DB-BC88-4553-A65A-F5914011F266}"
EndProject
Project("{9A19103F-16F7-4668-BE54-9A1E7A4F7556}") = "OrderDemo.DataAccess", "OrderDemo.DataAccess\OrderDemo.DataAccess.csproj", "{E1F99EA6-D82E-4F79-A494-43E9F749B099}"
EndProject
Project("{FAE04EC0-301F-11D3-BF4B-00C04F79EFBC}") = "OrderDemo.API", "OrderDemo.API\OrderDemo.API.csproj", "{89AF02ED-4E59-4085-B8B1-D46A8D2B407A}"
EndProject
Global
	GlobalSection(SolutionConfigurationPlatforms) = preSolution
		Debug|Any CPU = Debug|Any CPU
		Release|Any CPU = Release|Any CPU
	EndGlobalSection
	GlobalSection(ProjectConfigurationPlatforms) = postSolution
		{C66F66DB-BC88-4553-A65A-F5914011F266}.Debug|Any CPU.ActiveCfg = Debug|Any CPU
		{C66F66DB-BC88-4553-A65A-F5914011F266}.Debug|Any CPU.Build.0 = Debug|Any CPU
		{C66F66DB-BC88-4553-A65A-F5914011F266}.Release|Any CPU.ActiveCfg = Release|Any CPU
		{C66F66DB-BC88-4553-A65A-F5914011F266}.Release|Any CPU.Build.0 = Release|Any CPU
		{E1F99EA6-D82E-4F79-A494-43E9F749B099}.Debug|Any CPU.ActiveCfg = Debug|Any CPU
		{E1F99EA6-D82E-4F79-A494-43E9F749B099}.Debug|Any CPU.Build.0 = Debug|Any CPU
		{E1F99EA6-D82E-4F79-A494-43E9F749B099}.Release|Any CPU.ActiveCfg = Release|Any CPU
		{E1F99EA6-D82E-4F79-A494-43E9F749B099}.Release|Any CPU.Build.0 = Release|Any CPU
		{89AF02ED-4E59-4085-B8B1-D46A8D2B407A}.Debug|Any CPU.ActiveCfg = Debug|Any CPU
		{89AF02ED-4E59-4085-B8B1-D46A8D2B407A}.Debug|Any CPU.Build.0 = Debug|Any CPU
		{89AF02ED-4E59-4085-B8B1-D46A8D2B407A}.Release|Any CPU.ActiveCfg = Release|Any CPU
		{89AF02ED-4E59-4085-B8B1-D46A8D2B407A}.Release|Any CPU.Build.0 = Release|Any CPU
	EndGlobalSection
	GlobalSection(SolutionProperties) = preSolution
		HideSolutionNode = FALSE
	EndGlobalSection
	GlobalSection(ExtensibilityGlobals) = postSolution
		SolutionGuid = {E4390812-B68F-4E51-82CD-8FEB29DEB217}
	EndGlobalSection
EndGlobal
